// !$*UTF8*$!
{
	archiveVersion = 1;
	classes = {
	};
	objectVersion = 46;
	objects = {

/* Begin PBXBuildFile section */
		DDD5FE441B94244600478751 /* AppDelegate.m in Sources */ = {isa = PBXBuildFile; fileRef = DDD5FE431B94244600478751 /* AppDelegate.m */; };
		DDD5FE471B94244600478751 /* main.m in Sources */ = {isa = PBXBuildFile; fileRef = DDD5FE461B94244600478751 /* main.m */; };
		DDD5FE4A1B94244600478751 /* GameViewController.m in Sources */ = {isa = PBXBuildFile; fileRef = DDD5FE491B94244600478751 /* GameViewController.m */; };
		DDD5FE4C1B94244600478751 /* Shaders.metal in Sources */ = {isa = PBXBuildFile; fileRef = DDD5FE4B1B94244600478751 /* Shaders.metal */; };
		DDD5FE4F1B94244600478751 /* Assets.xcassets in Resources */ = {isa = PBXBuildFile; fileRef = DDD5FE4E1B94244600478751 /* Assets.xcassets */; };
		DDD5FE521B94244600478751 /* MainMenu.xib in Resources */ = {isa = PBXBuildFile; fileRef = DDD5FE501B94244600478751 /* MainMenu.xib */; };
/* End PBXBuildFile section */

/* Begin PBXFileReference section */
		DDD5FE3F1B94244600478751 /* alloy1.app */ = {isa = PBXFileReference; explicitFileType = wrapper.application; includeInIndex = 0; path = alloy1.app; sourceTree = BUILT_PRODUCTS_DIR; };
		DDD5FE421B94244600478751 /* AppDelegate.h */ = {isa = PBXFileReference; lastKnownFileType = sourcecode.c.h; path = AppDelegate.h; sourceTree = "<group>"; };
		DDD5FE431B94244600478751 /* AppDelegate.m */ = {isa = PBXFileReference; lastKnownFileType = sourcecode.c.objc; path = AppDelegate.m; sourceTree = "<group>"; };
		DDD5FE461B94244600478751 /* main.m */ = {isa = PBXFileReference; lastKnownFileType = sourcecode.c.objc; path = main.m; sourceTree = "<group>"; };
		DDD5FE481B94244600478751 /* GameViewController.h */ = {isa = PBXFileReference; lastKnownFileType = sourcecode.c.h; path = GameViewController.h; sourceTree = "<group>"; };
		DDD5FE491B94244600478751 /* GameViewController.m */ = {isa = PBXFileReference; lastKnownFileType = sourcecode.c.objc; path = GameViewController.m; sourceTree = "<group>"; };
		DDD5FE4B1B94244600478751 /* Shaders.metal */ = {isa = PBXFileReference; lastKnownFileType = sourcecode.metal; path = Shaders.metal; sourceTree = "<group>"; };
		DDD5FE4D1B94244600478751 /* SharedStructures.h */ = {isa = PBXFileReference; lastKnownFileType = sourcecode.c.h; path = SharedStructures.h; sourceTree = "<group>"; };
		DDD5FE4E1B94244600478751 /* Assets.xcassets */ = {isa = PBXFileReference; lastKnownFileType = folder.assetcatalog; path = Assets.xcassets; sourceTree = "<group>"; };
		DDD5FE511B94244600478751 /* Base */ = {isa = PBXFileReference; lastKnownFileType = file.xib; name = Base; path = Base.lproj/MainMenu.xib; sourceTree = "<group>"; };
		DDD5FE531B94244600478751 /* Info.plist */ = {isa = PBXFileReference; lastKnownFileType = text.plist.xml; path = Info.plist; sourceTree = "<group>"; };
/* End PBXFileReference section */

/* Begin PBXFrameworksBuildPhase section */
		DDD5FE3C1B94244600478751 /* Frameworks */ = {
			isa = PBXFrameworksBuildPhase;
			buildActionMask = 2147483647;
			files = (
			);
			runOnlyForDeploymentPostprocessing = 0;
		};
/* End PBXFrameworksBuildPhase section */

/* Begin PBXGroup section */
		DDD5FE361B94244600478751 = {
			isa = PBXGroup;
			children = (
				DDD5FE411B94244600478751 /* alloy1 */,
				DDD5FE401B94244600478751 /* Products */,
			);
			sourceTree = "<group>";
		};
		DDD5FE401B94244600478751 /* Products */ = {
			isa = PBXGroup;
			children = (
				DDD5FE3F1B94244600478751 /* alloy1.app */,
			);
			name = Products;
			sourceTree = "<group>";
		};
		DDD5FE411B94244600478751 /* alloy1 */ = {
			isa = PBXGroup;
			children = (
				DDD5FE421B94244600478751 /* AppDelegate.h */,
				DDD5FE431B94244600478751 /* AppDelegate.m */,
				DDD5FE481B94244600478751 /* GameViewController.h */,
				DDD5FE491B94244600478751 /* GameViewController.m */,
				DDD5FE4B1B94244600478751 /* Shaders.metal */,
				DDD5FE4D1B94244600478751 /* SharedStructures.h */,
				DDD5FE4E1B94244600478751 /* Assets.xcassets */,
				DDD5FE501B94244600478751 /* MainMenu.xib */,
				DDD5FE531B94244600478751 /* Info.plist */,
				DDD5FE451B94244600478751 /* Supporting Files */,
			);
			path = alloy1;
			sourceTree = "<group>";
		};
		DDD5FE451B94244600478751 /* Supporting Files */ = {
			isa = PBXGroup;
			children = (
				DDD5FE461B94244600478751 /* main.m */,
			);
			name = "Supporting Files";
			sourceTree = "<group>";
		};
/* End PBXGroup section */

/* Begin PBXNativeTarget section */
		DDD5FE3E1B94244600478751 /* alloy1 */ = {
			isa = PBXNativeTarget;
			buildConfigurationList = DDD5FE561B94244600478751 /* Build configuration list for PBXNativeTarget "alloy1" */;
			buildPhases = (
				DDD5FE3B1B94244600478751 /* Sources */,
				DDD5FE3C1B94244600478751 /* Frameworks */,
				DDD5FE3D1B94244600478751 /* Resources */,
			);
			buildRules = (
			);
			dependencies = (
			);
			name = alloy1;
			productName = alloy1;
			productReference = DDD5FE3F1B94244600478751 /* alloy1.app */;
			productType = "com.apple.product-type.application";
		};
/* End PBXNativeTarget section */

/* Begin PBXProject section */
		DDD5FE371B94244600478751 /* Project object */ = {
			isa = PBXProject;
			attributes = {
				LastUpgradeCheck = 0700;
				ORGANIZATIONNAME = xalintosh;
				TargetAttributes = {
					DDD5FE3E1B94244600478751 = {
						CreatedOnToolsVersion = 7.0;
					};
				};
			};
			buildConfigurationList = DDD5FE3A1B94244600478751 /* Build configuration list for PBXProject "alloy1" */;
			compatibilityVersion = "Xcode 3.2";
			developmentRegion = English;
			hasScannedForEncodings = 0;
			knownRegions = (
				en,
				Base,
			);
			mainGroup = DDD5FE361B94244600478751;
			productRefGroup = DDD5FE401B94244600478751 /* Products */;
			projectDirPath = "";
			projectRoot = "";
			targets = (
				DDD5FE3E1B94244600478751 /* alloy1 */,
			);
		};
/* End PBXProject section */

/* Begin PBXResourcesBuildPhase section */
		DDD5FE3D1B94244600478751 /* Resources */ = {
			isa = PBXResourcesBuildPhase;
			buildActionMask = 2147483647;
			files = (
				DDD5FE4F1B94244600478751 /* Assets.xcassets in Resources */,
				DDD5FE521B94244600478751 /* MainMenu.xib in Resources */,
			);
			runOnlyForDeploymentPostprocessing = 0;
		};
/* End PBXResourcesBuildPhase section */

/* Begin PBXSourcesBuildPhase section */
		DDD5FE3B1B94244600478751 /* Sources */ = {
			isa = PBXSourcesBuildPhase;
			buildActionMask = 2147483647;
			files = (
				DDD5FE4C1B94244600478751 /* Shaders.metal in Sources */,
				DDD5FE471B94244600478751 /* main.m in Sources */,
				DDD5FE4A1B94244600478751 /* GameViewController.m in Sources */,
				DDD5FE441B94244600478751 /* AppDelegate.m in Sources */,
			);
			runOnlyForDeploymentPostprocessing = 0;
		};
/* End PBXSourcesBuildPhase section */

/* Begin PBXVariantGroup section */
		DDD5FE501B94244600478751 /* MainMenu.xib */ = {
			isa = PBXVariantGroup;
			children = (
				DDD5FE511B94244600478751 /* Base */,
			);
			name = MainMenu.xib;
			sourceTree = "<group>";
		};
/* End PBXVariantGroup section */

/* Begin XCBuildConfiguration section */
		DDD5FE541B94244600478751 /* Debug */ = {
			isa = XCBuildConfiguration;
			buildSettings = {
				ALWAYS_SEARCH_USER_PATHS = NO;
				CLANG_CXX_LANGUAGE_STANDARD = "gnu++0x";
				CLANG_CXX_LIBRARY = "libc++";
				CLANG_ENABLE_MODULES = YES;
				CLANG_ENABLE_OBJC_ARC = YES;
				CLANG_WARN_BOOL_CONVERSION = YES;
				CLANG_WARN_CONSTANT_CONVERSION = YES;
				CLANG_WARN_DIRECT_OBJC_ISA_USAGE = YES_ERROR;
				CLANG_WARN_EMPTY_BODY = YES;
				CLANG_WARN_ENUM_CONVERSION = YES;
				CLANG_WARN_INT_CONVERSION = YES;
				CLANG_WARN_OBJC_ROOT_CLASS = YES_ERROR;
				CLANG_WARN_UNREACHABLE_CODE = YES;
				CLANG_WARN__DUPLICATE_METHOD_MATCH = YES;
				CODE_SIGN_IDENTITY = "-";
				COPY_PHASE_STRIP = NO;
				DEBUG_INFORMATION_FORMAT = dwarf;
				ENABLE_STRICT_OBJC_MSGSEND = YES;
				ENABLE_TESTABILITY = YES;
				GCC_C_LANGUAGE_STANDARD = gnu99;
				GCC_DYNAMIC_NO_PIC = NO;
				GCC_NO_COMMON_BLOCKS = YES;
				GCC_OPTIMIZATION_LEVEL = 0;
				GCC_PREPROCESSOR_DEFINITIONS = (
					"DEBUG=1",
					"$(inherited)",
				);
				GCC_WARN_64_TO_32_BIT_CONVERSION = YES;
				GCC_WARN_ABOUT_RETURN_TYPE = YES_ERROR;
				GCC_WARN_UNDECLARED_SELECTOR = YES;
				GCC_WARN_UNINITIALIZED_AUTOS = YES_AGGRESSIVE;
				GCC_WARN_UNUSED_FUNCTION = YES;
				GCC_WARN_UNUSED_VARIABLE = YES;
				MACOSX_DEPLOYMENT_TARGET = 10.11;
				MTL_ENABLE_DEBUG_INFO = YES;
				ONLY_ACTIVE_ARCH = YES;
				SDKROOT = macosx;
			};
			name = Debug;
		};
		DDD5FE551B94244600478751 /* Release */ = {
			isa = XCBuildConfiguration;
			buildSettings = {
				ALWAYS_SEARCH_USER_PATHS = NO;
				CLANG_CXX_LANGUAGE_STANDARD = "gnu++0x";
				CLANG_CXX_LIBRARY = "libc++";
				CLANG_ENABLE_MODULES = YES;
				CLANG_ENABLE_OBJC_ARC = YES;
				CLANG_WARN_BOOL_CONVERSION = YES;
				CLANG_WARN_CONSTANT_CONVERSION = YES;
				CLANG_WARN_DIRECT_OBJC_ISA_USAGE = YES_ERROR;
				CLANG_WARN_EMPTY_BODY = YES;
				CLANG_WARN_ENUM_CONVERSION = YES;
				CLANG_WARN_INT_CONVERSION = YES;
				CLANG_WARN_OBJC_ROOT_CLASS = YES_ERROR;
				CLANG_WARN_UNREACHABLE_CODE = YES;
				CLANG_WARN__DUPLICATE_METHOD_MATCH = YES;
				CODE_SIGN_IDENTITY = "-";
				COPY_PHASE_STRIP = NO;
				DEBUG_INFORMATION_FORMAT = "dwarf-with-dsym";
				ENABLE_NS_ASSERTIONS = NO;
				ENABLE_STRICT_OBJC_MSGSEND = YES;
				GCC_C_LANGUAGE_STANDARD = gnu99;
				GCC_NO_COMMON_BLOCKS = YES;
				GCC_WARN_64_TO_32_BIT_CONVERSION = YES;
				GCC_WARN_ABOUT_RETURN_TYPE = YES_ERROR;
				GCC_WARN_UNDECLARED_SELECTOR = YES;
				GCC_WARN_UNINITIALIZED_AUTOS = YES_AGGRESSIVE;
				GCC_WARN_UNUSED_FUNCTION = YES;
				GCC_WARN_UNUSED_VARIABLE = YES;
				MACOSX_DEPLOYMENT_TARGET = 10.11;
				MTL_ENABLE_DEBUG_INFO = NO;
				SDKROOT = macosx;
			};
			name = Release;
		};
		DDD5FE571B94244600478751 /* Debug */ = {
			isa = XCBuildConfiguration;
			buildSettings = {
				ASSETCATALOG_COMPILER_APPICON_NAME = AppIcon;
				COMBINE_HIDPI_IMAGES = YES;
				INFOPLIST_FILE = alloy1/Info.plist;
				LD_RUNPATH_SEARCH_PATHS = "$(inherited) @executable_path/../Frameworks";
				PRODUCT_BUNDLE_IDENTIFIER = xal.alloy1;
				PRODUCT_NAME = "$(TARGET_NAME)";
			};
			name = Debug;
		};
		DDD5FE581B94244600478751 /* Release */ = {
			isa = XCBuildConfiguration;
			buildSettings = {
				ASSETCATALOG_COMPILER_APPICON_NAME = AppIcon;
				COMBINE_HIDPI_IMAGES = YES;
				INFOPLIST_FILE = alloy1/Info.plist;
				LD_RUNPATH_SEARCH_PATHS = "$(inherited) @executable_path/../Frameworks";
				PRODUCT_BUNDLE_IDENTIFIER = xal.alloy1;
				PRODUCT_NAME = "$(TARGET_NAME)";
			};
			name = Release;
		};
/* End XCBuildConfiguration section */

/* Begin XCConfigurationList section */
		DDD5FE3A1B94244600478751 /* Build configuration list for PBXProject "alloy1" */ = {
			isa = XCConfigurationList;
			buildConfigurations = (
				DDD5FE541B94244600478751 /* Debug */,
				DDD5FE551B94244600478751 /* Release */,
			);
			defaultConfigurationIsVisible = 0;
			defaultConfigurationName = Release;
		};
		DDD5FE561B94244600478751 /* Build configuration list for PBXNativeTarget "alloy1" */ = {
			isa = XCConfigurationList;
			buildConfigurations = (
				DDD5FE571B94244600478751 /* Debug */,
				DDD5FE581B94244600478751 /* Release */,
			);
			defaultConfigurationIsVisible = 0;
		};
/* End XCConfigurationList section */
	};
	rootObject = DDD5FE371B94244600478751 /* Project object */;
}
